
Microsoft Visual Studio Solution File, Format Version 12.00
# Visual Studio Version 17
VisualStudioVersion = 17.11.35219.272
MinimumVisualStudioVersion = 10.0.40219.1
Project("{FAE04EC0-301F-11D3-BF4B-00C04F79EFBC}") = "WpfTest3zad2", "WpfTest3zad2\WpfTest3zad2.csproj", "{4021AB10-063E-4F21-BFD3-D60F0E260AA9}"
EndProject
Global
	GlobalSection(SolutionConfigurationPlatforms) = preSolution
		Debug|Any CPU = Debug|Any CPU
		Release|Any CPU = Release|Any CPU
	EndGlobalSection
	GlobalSection(ProjectConfigurationPlatforms) = postSolution
		{4021AB10-063E-4F21-BFD3-D60F0E260AA9}.Debug|Any CPU.ActiveCfg = Debug|Any CPU
		{4021AB10-063E-4F21-BFD3-D60F0E260AA9}.Debug|Any CPU.Build.0 = Debug|Any CPU
		{4021AB10-063E-4F21-BFD3-D60F0E260AA9}.Release|Any CPU.ActiveCfg = Release|Any CPU
		{4021AB10-063E-4F21-BFD3-D60F0E260AA9}.Release|Any CPU.Build.0 = Release|Any CPU
	EndGlobalSection
	GlobalSection(SolutionProperties) = preSolution
		HideSolutionNode = FALSE
	EndGlobalSection
	GlobalSection(ExtensibilityGlobals) = postSolution
		SolutionGuid = {A387AC4F-BAD9-49EC-9753-8229D5868A09}
	EndGlobalSection
EndGlobal
